
Microsoft Visual Studio Solution File, Format Version 12.00
# Visual Studio Version 17
VisualStudioVersion = 17.3.32929.385
MinimumVisualStudioVersion = 10.0.40219.1
Project("{9A19103F-16F7-4668-BE54-9A1E7A4F7556}") = "SeleDay3", "SeleDay3\SeleDay3.csproj", "{3C197A20-9A5F-4C8B-8463-C467C33FEFDA}"
EndProject
Project("{9A19103F-16F7-4668-BE54-9A1E7A4F7556}") = "SeleDay4", "SeleDay4\SeleDay4.csproj", "{82B141EB-1838-4345-B921-7A7E1957E8D0}"
EndProject
Project("{9A19103F-16F7-4668-BE54-9A1E7A4F7556}") = "CoreFramework", "Framework\CoreFramework.csproj", "{9E88971C-ED3F-4118-BCAF-63AC43DDF02C}"
EndProject
Project("{9A19103F-16F7-4668-BE54-9A1E7A4F7556}") = "RookieTest", "RookieTest\RookieTest.csproj", "{F2035CF7-CA15-4A76-BB14-2BD91214A9FA}"
EndProject
Project("{9A19103F-16F7-4668-BE54-9A1E7A4F7556}") = "SeleDay2", "SeleDay2\SeleDay2.csproj", "{8094C650-DEE9-4F0C-BBD1-28925C303733}"
EndProject
Project("{9A19103F-16F7-4668-BE54-9A1E7A4F7556}") = "AssetManagementProject", "AssetManagementProject\AssetManagementProject.csproj", "{21DD0556-8C9B-47FC-8798-1972421F32A3}"
EndProject
Project("{9A19103F-16F7-4668-BE54-9A1E7A4F7556}") = "SeleniumFinalExamination", "FinalExamination\SeleniumFinalExamination.csproj", "{C97F032D-6B19-48A5-AEDD-8787DCF36D75}"
EndProject
Global
	GlobalSection(SolutionConfigurationPlatforms) = preSolution
		Debug|Any CPU = Debug|Any CPU
		Release|Any CPU = Release|Any CPU
	EndGlobalSection
	GlobalSection(ProjectConfigurationPlatforms) = postSolution
		{3C197A20-9A5F-4C8B-8463-C467C33FEFDA}.Debug|Any CPU.ActiveCfg = Debug|Any CPU
		{3C197A20-9A5F-4C8B-8463-C467C33FEFDA}.Debug|Any CPU.Build.0 = Debug|Any CPU
		{3C197A20-9A5F-4C8B-8463-C467C33FEFDA}.Release|Any CPU.ActiveCfg = Release|Any CPU
		{3C197A20-9A5F-4C8B-8463-C467C33FEFDA}.Release|Any CPU.Build.0 = Release|Any CPU
		{82B141EB-1838-4345-B921-7A7E1957E8D0}.Debug|Any CPU.ActiveCfg = Debug|Any CPU
		{82B141EB-1838-4345-B921-7A7E1957E8D0}.Debug|Any CPU.Build.0 = Debug|Any CPU
		{82B141EB-1838-4345-B921-7A7E1957E8D0}.Release|Any CPU.ActiveCfg = Release|Any CPU
		{82B141EB-1838-4345-B921-7A7E1957E8D0}.Release|Any CPU.Build.0 = Release|Any CPU
		{9E88971C-ED3F-4118-BCAF-63AC43DDF02C}.Debug|Any CPU.ActiveCfg = Debug|Any CPU
		{9E88971C-ED3F-4118-BCAF-63AC43DDF02C}.Debug|Any CPU.Build.0 = Debug|Any CPU
		{9E88971C-ED3F-4118-BCAF-63AC43DDF02C}.Release|Any CPU.ActiveCfg = Release|Any CPU
		{9E88971C-ED3F-4118-BCAF-63AC43DDF02C}.Release|Any CPU.Build.0 = Release|Any CPU
		{F2035CF7-CA15-4A76-BB14-2BD91214A9FA}.Debug|Any CPU.ActiveCfg = Debug|Any CPU
		{F2035CF7-CA15-4A76-BB14-2BD91214A9FA}.Debug|Any CPU.Build.0 = Debug|Any CPU
		{F2035CF7-CA15-4A76-BB14-2BD91214A9FA}.Release|Any CPU.ActiveCfg = Release|Any CPU
		{F2035CF7-CA15-4A76-BB14-2BD91214A9FA}.Release|Any CPU.Build.0 = Release|Any CPU
		{8094C650-DEE9-4F0C-BBD1-28925C303733}.Debug|Any CPU.ActiveCfg = Debug|Any CPU
		{8094C650-DEE9-4F0C-BBD1-28925C303733}.Debug|Any CPU.Build.0 = Debug|Any CPU
		{8094C650-DEE9-4F0C-BBD1-28925C303733}.Release|Any CPU.ActiveCfg = Release|Any CPU
		{8094C650-DEE9-4F0C-BBD1-28925C303733}.Release|Any CPU.Build.0 = Release|Any CPU
		{21DD0556-8C9B-47FC-8798-1972421F32A3}.Debug|Any CPU.ActiveCfg = Debug|Any CPU
		{21DD0556-8C9B-47FC-8798-1972421F32A3}.Debug|Any CPU.Build.0 = Debug|Any CPU
		{21DD0556-8C9B-47FC-8798-1972421F32A3}.Release|Any CPU.ActiveCfg = Release|Any CPU
		{21DD0556-8C9B-47FC-8798-1972421F32A3}.Release|Any CPU.Build.0 = Release|Any CPU
		{C97F032D-6B19-48A5-AEDD-8787DCF36D75}.Debug|Any CPU.ActiveCfg = Debug|Any CPU
		{C97F032D-6B19-48A5-AEDD-8787DCF36D75}.Debug|Any CPU.Build.0 = Debug|Any CPU
		{C97F032D-6B19-48A5-AEDD-8787DCF36D75}.Release|Any CPU.ActiveCfg = Release|Any CPU
		{C97F032D-6B19-48A5-AEDD-8787DCF36D75}.Release|Any CPU.Build.0 = Release|Any CPU
	EndGlobalSection
	GlobalSection(SolutionProperties) = preSolution
		HideSolutionNode = FALSE
	EndGlobalSection
	GlobalSection(ExtensibilityGlobals) = postSolution
		SolutionGuid = {B13F68E0-F4B8-415C-B014-CF4D9A4A95E0}
	EndGlobalSection
EndGlobal
